Microsoft Visual Studio Solution File, Format Version 11.00
# Visual Studio 2008

Project("{5DAB5FCE-BFF5-9166-C2D0-40B16E658C68}") = "Blocks and Balls (1)", "Assembly-CSharp-firstpass.csproj", "{5760D778-DD32-6E15-D0EC-10CAB6681838}"
EndProject
Project("{5DAB5FCE-BFF5-9166-C2D0-40B16E658C68}") = "Blocks and Balls (1)", "Assembly-CSharp.csproj", "{89C783E1-A802-ACE1-87E4-71DFA91B38CB}"
EndProject
Project("{5DAB5FCE-BFF5-9166-C2D0-40B16E658C68}") = "Blocks and Balls (1)", "Assembly-CSharp-Editor-firstpass.csproj", "{3B028C43-27F3-503E-0EF9-6A83E7F46223}"
EndProject
Global
	GlobalSection(SolutionConfigurationPlatforms) = preSolution
		Debug|Any CPU = Debug|Any CPU
		Release|Any CPU = Release|Any CPU
	EndGlobalSection
	GlobalSection(ProjectConfigurationPlatforms) = postSolution
		{5760D778-DD32-6E15-D0EC-10CAB6681838}.Debug|Any CPU.ActiveCfg = Debug|Any CPU
		{5760D778-DD32-6E15-D0EC-10CAB6681838}.Debug|Any CPU.Build.0 = Debug|Any CPU
		{5760D778-DD32-6E15-D0EC-10CAB6681838}.Release|Any CPU.ActiveCfg = Release|Any CPU
		{5760D778-DD32-6E15-D0EC-10CAB6681838}.Release|Any CPU.Build.0 = Release|Any CPU
		{89C783E1-A802-ACE1-87E4-71DFA91B38CB}.Debug|Any CPU.ActiveCfg = Debug|Any CPU
		{89C783E1-A802-ACE1-87E4-71DFA91B38CB}.Debug|Any CPU.Build.0 = Debug|Any CPU
		{89C783E1-A802-ACE1-87E4-71DFA91B38CB}.Release|Any CPU.ActiveCfg = Release|Any CPU
		{89C783E1-A802-ACE1-87E4-71DFA91B38CB}.Release|Any CPU.Build.0 = Release|Any CPU
		{3B028C43-27F3-503E-0EF9-6A83E7F46223}.Debug|Any CPU.ActiveCfg = Debug|Any CPU
		{3B028C43-27F3-503E-0EF9-6A83E7F46223}.Debug|Any CPU.Build.0 = Debug|Any CPU
		{3B028C43-27F3-503E-0EF9-6A83E7F46223}.Release|Any CPU.ActiveCfg = Release|Any CPU
		{3B028C43-27F3-503E-0EF9-6A83E7F46223}.Release|Any CPU.Build.0 = Release|Any CPU
	EndGlobalSection
	GlobalSection(SolutionProperties) = preSolution
		HideSolutionNode = FALSE
	EndGlobalSection
																																											GlobalSection(MonoDevelopProperties) = preSolution
		StartupItem = Assembly-CSharp.csproj
		Policies = $0
		$0.TextStylePolicy = $1
		$1.inheritsSet = null
		$1.scope = text/x-csharp
		$0.CSharpFormattingPolicy = $2
		$2.inheritsSet = Mono
		$2.inheritsScope = text/x-csharp
		$2.scope = text/x-csharp
		$0.TextStylePolicy = $3
		$3.FileWidth = 120
		$3.TabWidth = 4
		$3.IndentWidth = 4
		$3.EolMarker = Unix
		$3.inheritsSet = Mono
		$3.inheritsScope = text/plain
		$3.scope = text/plain
	EndGlobalSection

EndGlobal
